// !$*UTF8*$!
{
	archiveVersion = 1;
	classes = {
	};
	objectVersion = 46;
	objects = {

/* Begin PBXBuildFile section */
		9ED963F6FA3ABE7658200DC6 /* libPods.a in Frameworks */ = {isa = PBXBuildFile; fileRef = 5BC7A167C80DD410C32B6731 /* libPods.a */; };
		BF00E84F1C87ADA70054FD92 /* Spotify.framework in Frameworks */ = {isa = PBXBuildFile; fileRef = BF00E84E1C87ADA70054FD92 /* Spotify.framework */; };
		BF0D70F81C7EEAE800C4EDEB /* main.m in Sources */ = {isa = PBXBuildFile; fileRef = BF0D70F71C7EEAE800C4EDEB /* main.m */; };
		BF0D70FB1C7EEAE800C4EDEB /* AppDelegate.m in Sources */ = {isa = PBXBuildFile; fileRef = BF0D70FA1C7EEAE800C4EDEB /* AppDelegate.m */; };
		BF0D71011C7EEAE800C4EDEB /* Main.storyboard in Resources */ = {isa = PBXBuildFile; fileRef = BF0D70FF1C7EEAE800C4EDEB /* Main.storyboard */; };
		BF0D71031C7EEAE800C4EDEB /* Assets.xcassets in Resources */ = {isa = PBXBuildFile; fileRef = BF0D71021C7EEAE800C4EDEB /* Assets.xcassets */; };
		BF0D71061C7EEAE800C4EDEB /* LaunchScreen.storyboard in Resources */ = {isa = PBXBuildFile; fileRef = BF0D71041C7EEAE800C4EDEB /* LaunchScreen.storyboard */; };
		BF0D71111C7F7FCE00C4EDEB /* AVFoundation.framework in Frameworks */ = {isa = PBXBuildFile; fileRef = BF0D71101C7F7FCE00C4EDEB /* AVFoundation.framework */; };
		BF0D71141C7F8E4900C4EDEB /* VOLoginVC.m in Sources */ = {isa = PBXBuildFile; fileRef = BF0D71131C7F8E4900C4EDEB /* VOLoginVC.m */; };
		BF0D71171C7F903100C4EDEB /* VOUser.m in Sources */ = {isa = PBXBuildFile; fileRef = BF0D71161C7F903100C4EDEB /* VOUser.m */; };
		BFD7495F1C813EC8004CF3FE /* VOPlaylistTableViewController.m in Sources */ = {isa = PBXBuildFile; fileRef = BFD7495E1C813EC8004CF3FE /* VOPlaylistTableViewController.m */; };
		BFD749631C814B0A004CF3FE /* VOCustomTableViewCell.m in Sources */ = {isa = PBXBuildFile; fileRef = BFD749621C814B0A004CF3FE /* VOCustomTableViewCell.m */; };
		BFD749661C81525F004CF3FE /* VOCustomTableViewCell.xib in Resources */ = {isa = PBXBuildFile; fileRef = BFD749581C813DDD004CF3FE /* VOCustomTableViewCell.xib */; };
		BFD749691C817452004CF3FE /* VOMusicPlayerViewController.m in Sources */ = {isa = PBXBuildFile; fileRef = BFD749681C817452004CF3FE /* VOMusicPlayerViewController.m */; };
		BFE4273F1C80462600AAAAA9 /* SignikaNegative-Regular.ttf in Resources */ = {isa = PBXBuildFile; fileRef = BFE4273E1C80462600AAAAA9 /* SignikaNegative-Regular.ttf */; };
/* End PBXBuildFile section */

/* Begin PBXFileReference section */
		5BC7A167C80DD410C32B6731 /* libPods.a */ = {isa = PBXFileReference; explicitFileType = archive.ar; includeInIndex = 0; path = libPods.a; sourceTree = BUILT_PRODUCTS_DIR; };
		BF00E84E1C87ADA70054FD92 /* Spotify.framework */ = {isa = PBXFileReference; lastKnownFileType = wrapper.framework; path = Spotify.framework; sourceTree = "<group>"; };
		BF0D70F31C7EEAE800C4EDEB /* Vimo.app */ = {isa = PBXFileReference; explicitFileType = wrapper.application; includeInIndex = 0; path = Vimo.app; sourceTree = BUILT_PRODUCTS_DIR; };
		BF0D70F71C7EEAE800C4EDEB /* main.m */ = {isa = PBXFileReference; lastKnownFileType = sourcecode.c.objc; path = main.m; sourceTree = "<group>"; };
		BF0D70F91C7EEAE800C4EDEB /* AppDelegate.h */ = {isa = PBXFileReference; lastKnownFileType = sourcecode.c.h; path = AppDelegate.h; sourceTree = "<group>"; };
		BF0D70FA1C7EEAE800C4EDEB /* AppDelegate.m */ = {isa = PBXFileReference; lastKnownFileType = sourcecode.c.objc; path = AppDelegate.m; sourceTree = "<group>"; };
		BF0D71001C7EEAE800C4EDEB /* Base */ = {isa = PBXFileReference; lastKnownFileType = file.storyboard; name = Base; path = Base.lproj/Main.storyboard; sourceTree = "<group>"; };
		BF0D71021C7EEAE800C4EDEB /* Assets.xcassets */ = {isa = PBXFileReference; lastKnownFileType = folder.assetcatalog; path = Assets.xcassets; sourceTree = "<group>"; };
		BF0D71051C7EEAE800C4EDEB /* Base */ = {isa = PBXFileReference; lastKnownFileType = file.storyboard; name = Base; path = Base.lproj/LaunchScreen.storyboard; sourceTree = "<group>"; };
		BF0D71071C7EEAE800C4EDEB /* Info.plist */ = {isa = PBXFileReference; lastKnownFileType = text.plist.xml; path = Info.plist; sourceTree = "<group>"; };
		BF0D710D1C7F7F2600C4EDEB /* VOKeys.h */ = {isa = PBXFileReference; lastKnownFileType = sourcecode.c.h; path = VOKeys.h; sourceTree = "<group>"; };
		BF0D71101C7F7FCE00C4EDEB /* AVFoundation.framework */ = {isa = PBXFileReference; lastKnownFileType = wrapper.framework; name = AVFoundation.framework; path = System/Library/Frameworks/AVFoundation.framework; sourceTree = SDKROOT; };
		BF0D71121C7F8E4900C4EDEB /* VOLoginVC.h */ = {isa = PBXFileReference; fileEncoding = 4; lastKnownFileType = sourcecode.c.h; path = VOLoginVC.h; sourceTree = "<group>"; };
		BF0D71131C7F8E4900C4EDEB /* VOLoginVC.m */ = {isa = PBXFileReference; fileEncoding = 4; lastKnownFileType = sourcecode.c.objc; path = VOLoginVC.m; sourceTree = "<group>"; };
		BF0D71151C7F903100C4EDEB /* VOUser.h */ = {isa = PBXFileReference; fileEncoding = 4; lastKnownFileType = sourcecode.c.h; path = VOUser.h; sourceTree = "<group>"; };
		BF0D71161C7F903100C4EDEB /* VOUser.m */ = {isa = PBXFileReference; fileEncoding = 4; lastKnownFileType = sourcecode.c.objc; path = VOUser.m; sourceTree = "<group>"; };
		BFD749581C813DDD004CF3FE /* VOCustomTableViewCell.xib */ = {isa = PBXFileReference; fileEncoding = 4; lastKnownFileType = file.xib; path = VOCustomTableViewCell.xib; sourceTree = "<group>"; };
		BFD7495D1C813EC8004CF3FE /* VOPlaylistTableViewController.h */ = {isa = PBXFileReference; fileEncoding = 4; lastKnownFileType = sourcecode.c.h; path = VOPlaylistTableViewController.h; sourceTree = "<group>"; };
		BFD7495E1C813EC8004CF3FE /* VOPlaylistTableViewController.m */ = {isa = PBXFileReference; fileEncoding = 4; lastKnownFileType = sourcecode.c.objc; path = VOPlaylistTableViewController.m; sourceTree = "<group>"; };
		BFD749611C814B0A004CF3FE /* VOCustomTableViewCell.h */ = {isa = PBXFileReference; fileEncoding = 4; lastKnownFileType = sourcecode.c.h; path = VOCustomTableViewCell.h; sourceTree = "<group>"; };
		BFD749621C814B0A004CF3FE /* VOCustomTableViewCell.m */ = {isa = PBXFileReference; fileEncoding = 4; lastKnownFileType = sourcecode.c.objc; path = VOCustomTableViewCell.m; sourceTree = "<group>"; };
		BFD749671C817452004CF3FE /* VOMusicPlayerViewController.h */ = {isa = PBXFileReference; fileEncoding = 4; lastKnownFileType = sourcecode.c.h; path = VOMusicPlayerViewController.h; sourceTree = "<group>"; };
		BFD749681C817452004CF3FE /* VOMusicPlayerViewController.m */ = {isa = PBXFileReference; fileEncoding = 4; lastKnownFileType = sourcecode.c.objc; path = VOMusicPlayerViewController.m; sourceTree = "<group>"; };
		BFE4273E1C80462600AAAAA9 /* SignikaNegative-Regular.ttf */ = {isa = PBXFileReference; lastKnownFileType = file; path = "SignikaNegative-Regular.ttf"; sourceTree = "<group>"; };
		D1CC1BD9FB1599791F612DA6 /* Pods.debug.xcconfig */ = {isa = PBXFileReference; includeInIndex = 1; lastKnownFileType = text.xcconfig; name = Pods.debug.xcconfig; path = "Pods/Target Support Files/Pods/Pods.debug.xcconfig"; sourceTree = "<group>"; };
		F659938A990139EB21CF6356 /* Pods.release.xcconfig */ = {isa = PBXFileReference; includeInIndex = 1; lastKnownFileType = text.xcconfig; name = Pods.release.xcconfig; path = "Pods/Target Support Files/Pods/Pods.release.xcconfig"; sourceTree = "<group>"; };
/* End PBXFileReference section */

/* Begin PBXFrameworksBuildPhase section */
		BF0D70F01C7EEAE800C4EDEB /* Frameworks */ = {
			isa = PBXFrameworksBuildPhase;
			buildActionMask = 2147483647;
			files = (
				BF0D71111C7F7FCE00C4EDEB /* AVFoundation.framework in Frameworks */,
				BF00E84F1C87ADA70054FD92 /* Spotify.framework in Frameworks */,
				9ED963F6FA3ABE7658200DC6 /* libPods.a in Frameworks */,
			);
			runOnlyForDeploymentPostprocessing = 0;
		};
/* End PBXFrameworksBuildPhase section */

/* Begin PBXGroup section */
		BF0D70EA1C7EEAE800C4EDEB = {
			isa = PBXGroup;
			children = (
				BF0D70F51C7EEAE800C4EDEB /* Vimo */,
				BF0D70F41C7EEAE800C4EDEB /* Products */,
				E68A1D044B0E53B7BEAFE9D3 /* Pods */,
				CE2C7385D88879063F3201A6 /* Frameworks */,
			);
			sourceTree = "<group>";
		};
		BF0D70F41C7EEAE800C4EDEB /* Products */ = {
			isa = PBXGroup;
			children = (
				BF0D70F31C7EEAE800C4EDEB /* Vimo.app */,
			);
			name = Products;
			sourceTree = "<group>";
		};
		BF0D70F51C7EEAE800C4EDEB /* Vimo */ = {
			isa = PBXGroup;
			children = (
				BF0D710D1C7F7F2600C4EDEB /* VOKeys.h */,
				BF0D70FF1C7EEAE800C4EDEB /* Main.storyboard */,
				BF0D70F91C7EEAE800C4EDEB /* AppDelegate.h */,
				BF0D70FA1C7EEAE800C4EDEB /* AppDelegate.m */,
				BFE427401C8048F100AAAAA9 /* Model */,
				BFE427411C8048FA00AAAAA9 /* Controller */,
				BF0D71021C7EEAE800C4EDEB /* Assets.xcassets */,
				BF0D71041C7EEAE800C4EDEB /* LaunchScreen.storyboard */,
				BF0D70F61C7EEAE800C4EDEB /* Supporting Files */,
			);
			path = Vimo;
			sourceTree = "<group>";
		};
		BF0D70F61C7EEAE800C4EDEB /* Supporting Files */ = {
			isa = PBXGroup;
			children = (
				BF0D71071C7EEAE800C4EDEB /* Info.plist */,
				BFE4273E1C80462600AAAAA9 /* SignikaNegative-Regular.ttf */,
				BF0D70F71C7EEAE800C4EDEB /* main.m */,
			);
			name = "Supporting Files";
			sourceTree = "<group>";
		};
		BFE427401C8048F100AAAAA9 /* Model */ = {
			isa = PBXGroup;
			children = (
				BF0D71151C7F903100C4EDEB /* VOUser.h */,
				BF0D71161C7F903100C4EDEB /* VOUser.m */,
				BFD749611C814B0A004CF3FE /* VOCustomTableViewCell.h */,
				BFD749621C814B0A004CF3FE /* VOCustomTableViewCell.m */,
				BFD749581C813DDD004CF3FE /* VOCustomTableViewCell.xib */,
			);
			name = Model;
			sourceTree = "<group>";
		};
		BFE427411C8048FA00AAAAA9 /* Controller */ = {
			isa = PBXGroup;
			children = (
				BF0D71121C7F8E4900C4EDEB /* VOLoginVC.h */,
				BF0D71131C7F8E4900C4EDEB /* VOLoginVC.m */,
				BFD7495D1C813EC8004CF3FE /* VOPlaylistTableViewController.h */,
				BFD7495E1C813EC8004CF3FE /* VOPlaylistTableViewController.m */,
				BFD749671C817452004CF3FE /* VOMusicPlayerViewController.h */,
				BFD749681C817452004CF3FE /* VOMusicPlayerViewController.m */,
			);
			name = Controller;
			sourceTree = "<group>";
		};
		CE2C7385D88879063F3201A6 /* Frameworks */ = {
			isa = PBXGroup;
			children = (
				BF00E84E1C87ADA70054FD92 /* Spotify.framework */,
				BF0D71101C7F7FCE00C4EDEB /* AVFoundation.framework */,
				5BC7A167C80DD410C32B6731 /* libPods.a */,
			);
			name = Frameworks;
			sourceTree = "<group>";
		};
		E68A1D044B0E53B7BEAFE9D3 /* Pods */ = {
			isa = PBXGroup;
			children = (
				D1CC1BD9FB1599791F612DA6 /* Pods.debug.xcconfig */,
				F659938A990139EB21CF6356 /* Pods.release.xcconfig */,
			);
			name = Pods;
			sourceTree = "<group>";
		};
/* End PBXGroup section */

/* Begin PBXNativeTarget section */
		BF0D70F21C7EEAE800C4EDEB /* Vimo */ = {
			isa = PBXNativeTarget;
			buildConfigurationList = BF0D710A1C7EEAE800C4EDEB /* Build configuration list for PBXNativeTarget "Vimo" */;
			buildPhases = (
				317B71547A382165B38F9288 /* Check Pods Manifest.lock */,
				BF0D70EF1C7EEAE800C4EDEB /* Sources */,
				BF0D70F01C7EEAE800C4EDEB /* Frameworks */,
				BF0D70F11C7EEAE800C4EDEB /* Resources */,
				E80B26A891170AAA49484557 /* Copy Pods Resources */,
			);
			buildRules = (
			);
			dependencies = (
			);
			name = Vimo;
			productName = Vimo;
			productReference = BF0D70F31C7EEAE800C4EDEB /* Vimo.app */;
			productType = "com.apple.product-type.application";
		};
/* End PBXNativeTarget section */

/* Begin PBXProject section */
		BF0D70EB1C7EEAE800C4EDEB /* Project object */ = {
			isa = PBXProject;
			attributes = {
				LastUpgradeCheck = 0720;
				ORGANIZATIONNAME = "Charles Kang";
				TargetAttributes = {
					BF0D70F21C7EEAE800C4EDEB = {
						CreatedOnToolsVersion = 7.2.1;
						DevelopmentTeam = FP79X83Q3E;
						SystemCapabilities = {
							com.apple.BackgroundModes = {
								enabled = 1;
							};
						};
					};
				};
			};
			buildConfigurationList = BF0D70EE1C7EEAE800C4EDEB /* Build configuration list for PBXProject "Vimo" */;
			compatibilityVersion = "Xcode 3.2";
			developmentRegion = English;
			hasScannedForEncodings = 0;
			knownRegions = (
				en,
				Base,
			);
			mainGroup = BF0D70EA1C7EEAE800C4EDEB;
			productRefGroup = BF0D70F41C7EEAE800C4EDEB /* Products */;
			projectDirPath = "";
			projectRoot = "";
			targets = (
				BF0D70F21C7EEAE800C4EDEB /* Vimo */,
			);
		};
/* End PBXProject section */

/* Begin PBXResourcesBuildPhase section */
		BF0D70F11C7EEAE800C4EDEB /* Resources */ = {
			isa = PBXResourcesBuildPhase;
			buildActionMask = 2147483647;
			files = (
				BF0D71061C7EEAE800C4EDEB /* LaunchScreen.storyboard in Resources */,
				BF0D71031C7EEAE800C4EDEB /* Assets.xcassets in Resources */,
				BF0D71011C7EEAE800C4EDEB /* Main.storyboard in Resources */,
				BFE4273F1C80462600AAAAA9 /* SignikaNegative-Regular.ttf in Resources */,
				BFD749661C81525F004CF3FE /* VOCustomTableViewCell.xib in Resources */,
			);
			runOnlyForDeploymentPostprocessing = 0;
		};
/* End PBXResourcesBuildPhase section */

/* Begin PBXShellScriptBuildPhase section */
		317B71547A382165B38F9288 /* Check Pods Manifest.lock */ = {
			isa = PBXShellScriptBuildPhase;
			buildActionMask = 2147483647;
			files = (
			);
			inputPaths = (
			);
			name = "Check Pods Manifest.lock";
			outputPaths = (
			);
			runOnlyForDeploymentPostprocessing = 0;
			shellPath = /bin/sh;
			shellScript = "diff \"${PODS_ROOT}/../Podfile.lock\" \"${PODS_ROOT}/Manifest.lock\" > /dev/null\nif [[ $? != 0 ]] ; then\n    cat << EOM\nerror: The sandbox is not in sync with the Podfile.lock. Run 'pod install' or update your CocoaPods installation.\nEOM\n    exit 1\nfi\n";
			showEnvVarsInLog = 0;
		};
		E80B26A891170AAA49484557 /* Copy Pods Resources */ = {
			isa = PBXShellScriptBuildPhase;
			buildActionMask = 2147483647;
			files = (
			);
			inputPaths = (
			);
			name = "Copy Pods Resources";
			outputPaths = (
			);
			runOnlyForDeploymentPostprocessing = 0;
			shellPath = /bin/sh;
			shellScript = "\"${SRCROOT}/Pods/Target Support Files/Pods/Pods-resources.sh\"\n";
			showEnvVarsInLog = 0;
		};
/* End PBXShellScriptBuildPhase section */

/* Begin PBXSourcesBuildPhase section */
		BF0D70EF1C7EEAE800C4EDEB /* Sources */ = {
			isa = PBXSourcesBuildPhase;
			buildActionMask = 2147483647;
			files = (
				BF0D71141C7F8E4900C4EDEB /* VOLoginVC.m in Sources */,
				BFD749691C817452004CF3FE /* VOMusicPlayerViewController.m in Sources */,
				BF0D70FB1C7EEAE800C4EDEB /* AppDelegate.m in Sources */,
				BF0D70F81C7EEAE800C4EDEB /* main.m in Sources */,
				BFD749631C814B0A004CF3FE /* VOCustomTableViewCell.m in Sources */,
				BFD7495F1C813EC8004CF3FE /* VOPlaylistTableViewController.m in Sources */,
				BF0D71171C7F903100C4EDEB /* VOUser.m in Sources */,
			);
			runOnlyForDeploymentPostprocessing = 0;
		};
/* End PBXSourcesBuildPhase section */

/* Begin PBXVariantGroup section */
		BF0D70FF1C7EEAE800C4EDEB /* Main.storyboard */ = {
			isa = PBXVariantGroup;
			children = (
				BF0D71001C7EEAE800C4EDEB /* Base */,
			);
			name = Main.storyboard;
			sourceTree = "<group>";
		};
		BF0D71041C7EEAE800C4EDEB /* LaunchScreen.storyboard */ = {
			isa = PBXVariantGroup;
			children = (
				BF0D71051C7EEAE800C4EDEB /* Base */,
			);
			name = LaunchScreen.storyboard;
			sourceTree = "<group>";
		};
/* End PBXVariantGroup section */

/* Begin XCBuildConfiguration section */
		BF0D71081C7EEAE800C4EDEB /* Debug */ = {
			isa = XCBuildConfiguration;
			buildSettings = {
				ALWAYS_SEARCH_USER_PATHS = NO;
				CLANG_CXX_LANGUAGE_STANDARD = "gnu++0x";
				CLANG_CXX_LIBRARY = "libc++";
				CLANG_ENABLE_MODULES = YES;
				CLANG_ENABLE_OBJC_ARC = YES;
				CLANG_WARN_BOOL_CONVERSION = YES;
				CLANG_WARN_CONSTANT_CONVERSION = YES;
				CLANG_WARN_DIRECT_OBJC_ISA_USAGE = YES_ERROR;
				CLANG_WARN_EMPTY_BODY = YES;
				CLANG_WARN_ENUM_CONVERSION = YES;
				CLANG_WARN_INT_CONVERSION = YES;
				CLANG_WARN_OBJC_ROOT_CLASS = YES_ERROR;
				CLANG_WARN_UNREACHABLE_CODE = YES;
				CLANG_WARN__DUPLICATE_METHOD_MATCH = YES;
				"CODE_SIGN_IDENTITY[sdk=iphoneos*]" = "iPhone Developer";
				COPY_PHASE_STRIP = NO;
				DEBUG_INFORMATION_FORMAT = dwarf;
				ENABLE_STRICT_OBJC_MSGSEND = YES;
				ENABLE_TESTABILITY = YES;
				GCC_C_LANGUAGE_STANDARD = gnu99;
				GCC_DYNAMIC_NO_PIC = NO;
				GCC_NO_COMMON_BLOCKS = YES;
				GCC_OPTIMIZATION_LEVEL = 0;
				GCC_PREPROCESSOR_DEFINITIONS = (
					"DEBUG=1",
					"$(inherited)",
				);
				GCC_WARN_64_TO_32_BIT_CONVERSION = YES;
				GCC_WARN_ABOUT_RETURN_TYPE = YES_ERROR;
				GCC_WARN_UNDECLARED_SELECTOR = YES;
				GCC_WARN_UNINITIALIZED_AUTOS = YES_AGGRESSIVE;
				GCC_WARN_UNUSED_FUNCTION = YES;
				GCC_WARN_UNUSED_VARIABLE = YES;
				IPHONEOS_DEPLOYMENT_TARGET = 9.2;
				MTL_ENABLE_DEBUG_INFO = YES;
				ONLY_ACTIVE_ARCH = YES;
				SDKROOT = iphoneos;
			};
			name = Debug;
		};
		BF0D71091C7EEAE800C4EDEB /* Release */ = {
			isa = XCBuildConfiguration;
			buildSettings = {
				ALWAYS_SEARCH_USER_PATHS = NO;
				CLANG_CXX_LANGUAGE_STANDARD = "gnu++0x";
				CLANG_CXX_LIBRARY = "libc++";
				CLANG_ENABLE_MODULES = YES;
				CLANG_ENABLE_OBJC_ARC = YES;
				CLANG_WARN_BOOL_CONVERSION = YES;
				CLANG_WARN_CONSTANT_CONVERSION = YES;
				CLANG_WARN_DIRECT_OBJC_ISA_USAGE = YES_ERROR;
				CLANG_WARN_EMPTY_BODY = YES;
				CLANG_WARN_ENUM_CONVERSION = YES;
				CLANG_WARN_INT_CONVERSION = YES;
				CLANG_WARN_OBJC_ROOT_CLASS = YES_ERROR;
				CLANG_WARN_UNREACHABLE_CODE = YES;
				CLANG_WARN__DUPLICATE_METHOD_MATCH = YES;
				"CODE_SIGN_IDENTITY[sdk=iphoneos*]" = "iPhone Developer";
				COPY_PHASE_STRIP = NO;
				DEBUG_INFORMATION_FORMAT = "dwarf-with-dsym";
				ENABLE_NS_ASSERTIONS = NO;
				ENABLE_STRICT_OBJC_MSGSEND = YES;
				GCC_C_LANGUAGE_STANDARD = gnu99;
				GCC_NO_COMMON_BLOCKS = YES;
				GCC_WARN_64_TO_32_BIT_CONVERSION = YES;
				GCC_WARN_ABOUT_RETURN_TYPE = YES_ERROR;
				GCC_WARN_UNDECLARED_SELECTOR = YES;
				GCC_WARN_UNINITIALIZED_AUTOS = YES_AGGRESSIVE;
				GCC_WARN_UNUSED_FUNCTION = YES;
				GCC_WARN_UNUSED_VARIABLE = YES;
				IPHONEOS_DEPLOYMENT_TARGET = 9.2;
				MTL_ENABLE_DEBUG_INFO = NO;
				SDKROOT = iphoneos;
				VALIDATE_PRODUCT = YES;
			};
			name = Release;
		};
		BF0D710B1C7EEAE800C4EDEB /* Debug */ = {
			isa = XCBuildConfiguration;
			baseConfigurationReference = D1CC1BD9FB1599791F612DA6 /* Pods.debug.xcconfig */;
			buildSettings = {
				ASSETCATALOG_COMPILER_APPICON_NAME = AppIcon;
				CODE_SIGN_IDENTITY = "iPhone Developer";
				ENABLE_BITCODE = NO;
				FRAMEWORK_SEARCH_PATHS = (
					"$(inherited)",
					"$(PROJECT_DIR)",
				);
				INFOPLIST_FILE = Vimo/Info.plist;
				LD_RUNPATH_SEARCH_PATHS = "$(inherited) @executable_path/Frameworks";
				PRODUCT_BUNDLE_IDENTIFIER = com.charleshkang.Vimo;
				PRODUCT_NAME = "$(TARGET_NAME)";
			};
			name = Debug;
		};
		BF0D710C1C7EEAE800C4EDEB /* Release */ = {
			isa = XCBuildConfiguration;
			baseConfigurationReference = F659938A990139EB21CF6356 /* Pods.release.xcconfig */;
			buildSettings = {
				ASSETCATALOG_COMPILER_APPICON_NAME = AppIcon;
				CODE_SIGN_IDENTITY = "iPhone Developer";
				ENABLE_BITCODE = NO;
				FRAMEWORK_SEARCH_PATHS = (
					"$(inherited)",
					"$(PROJECT_DIR)",
				);
				INFOPLIST_FILE = Vimo/Info.plist;
				LD_RUNPATH_SEARCH_PATHS = "$(inherited) @executable_path/Frameworks";
				PRODUCT_BUNDLE_IDENTIFIER = com.charleshkang.Vimo;
				PRODUCT_NAME = "$(TARGET_NAME)";
			};
			name = Release;
		};
/* End XCBuildConfiguration section */

/* Begin XCConfigurationList section */
		BF0D70EE1C7EEAE800C4EDEB /* Build configuration list for PBXProject "Vimo" */ = {
			isa = XCConfigurationList;
			buildConfigurations = (
				BF0D71081C7EEAE800C4EDEB /* Debug */,
				BF0D71091C7EEAE800C4EDEB /* Release */,
			);
			defaultConfigurationIsVisible = 0;
			defaultConfigurationName = Release;
		};
		BF0D710A1C7EEAE800C4EDEB /* Build configuration list for PBXNativeTarget "Vimo" */ = {
			isa = XCConfigurationList;
			buildConfigurations = (
				BF0D710B1C7EEAE800C4EDEB /* Debug */,
				BF0D710C1C7EEAE800C4EDEB /* Release */,
			);
			defaultConfigurationIsVisible = 0;
			defaultConfigurationName = Release;
		};
/* End XCConfigurationList section */
	};
	rootObject = BF0D70EB1C7EEAE800C4EDEB /* Project object */;
}
